
Microsoft Visual Studio Solution File, Format Version 12.00
# Visual Studio Version 17
VisualStudioVersion = 17.2.32526.322
MinimumVisualStudioVersion = 10.0.40219.1
Project("{FAE04EC0-301F-11D3-BF4B-00C04F79EFBC}") = "ProductReviewManagement", "ProductReviewManagement\ProductReviewManagement.csproj", "{F7FCC532-DAC0-49E6-B97D-2D11E66B1E68}"
EndProject
Global
	GlobalSection(SolutionConfigurationPlatforms) = preSolution
		Debug|Any CPU = Debug|Any CPU
		Release|Any CPU = Release|Any CPU
	EndGlobalSection
	GlobalSection(ProjectConfigurationPlatforms) = postSolution
		{F7FCC532-DAC0-49E6-B97D-2D11E66B1E68}.Debug|Any CPU.ActiveCfg = Debug|Any CPU
		{F7FCC532-DAC0-49E6-B97D-2D11E66B1E68}.Debug|Any CPU.Build.0 = Debug|Any CPU
		{F7FCC532-DAC0-49E6-B97D-2D11E66B1E68}.Release|Any CPU.ActiveCfg = Release|Any CPU
		{F7FCC532-DAC0-49E6-B97D-2D11E66B1E68}.Release|Any CPU.Build.0 = Release|Any CPU
	EndGlobalSection
	GlobalSection(SolutionProperties) = preSolution
		HideSolutionNode = FALSE
	EndGlobalSection
	GlobalSection(ExtensibilityGlobals) = postSolution
		SolutionGuid = {A1486F39-CDC6-4973-A808-635378CDCF17}
	EndGlobalSection
EndGlobal
